github.com/guptarohit/asciigraph v0.5.0 h1:azb6qbdR+vvhKOllox8JSjGkQ5f/wvQR0w+xH+tIoX0=
github.com/guptarohit/asciigraph v0.5.0/go.mod h1:9fYEfE5IGJGxlP1B+w8wHFy7sNZMhPtn59f0RLtpRFM=
github.com/joho/godotenv v1.3.0 h1:Zjp+RcGpHhGlrMbJzXTrZZPrWj+1vfm90La1wgB6Bhc=
github.com/joho/godotenv v1.3.0/go.mod h1:7hK45KPybAkOC6peb+G5yklZfMxEjkZhHbwpqxOKXbg=
